
Microsoft Visual Studio Solution File, Format Version 12.00
# Visual Studio Version 16
VisualStudioVersion = 16.0.30413.136
MinimumVisualStudioVersion = 10.0.40219.1
Project("{8BC9CEB8-8B4A-11D0-8D11-00A0C91BC942}") = "3-3", "COP3035\COP3035.vcxproj", "{A1884E7E-B912-4E8C-8FA8-657751954911}"
EndProject
Project("{8BC9CEB8-8B4A-11D0-8D11-00A0C91BC942}") = "6-15", "6-15\6-15.vcxproj", "{679D2CCD-4598-47EA-ABC5-6DF1DC7E34BD}"
EndProject
Project("{8BC9CEB8-8B4A-11D0-8D11-00A0C91BC942}") = "8-7", "8-7\8-7.vcxproj", "{42356211-B78A-4B74-9458-C459F236CC8E}"
EndProject
Project("{8BC9CEB8-8B4A-11D0-8D11-00A0C91BC942}") = "10-4", "10-4\10-4.vcxproj", "{ED24FED5-20EF-4002-B256-06D20591FCB8}"
EndProject
Project("{8BC9CEB8-8B4A-11D0-8D11-00A0C91BC942}") = "10-10", "10-10\10-10.vcxproj", "{A201FED7-63F8-48DB-8E12-3859BA1A23FF}"
EndProject
Project("{8BC9CEB8-8B4A-11D0-8D11-00A0C91BC942}") = "11-13", "11-13\11-13.vcxproj", "{A3446377-B7B2-410C-BF0B-6282A37F4494}"
EndProject
Project("{8BC9CEB8-8B4A-11D0-8D11-00A0C91BC942}") = "12-3", "12-3\12-3.vcxproj", "{A58C3DC6-E3C2-498E-B257-99B730B56B07}"
EndProject
Project("{8BC9CEB8-8B4A-11D0-8D11-00A0C91BC942}") = "15-3", "15-3\15-3.vcxproj", "{F9E384ED-1001-4CE9-A12A-CF2F376E9FFB}"
EndProject
Project("{8BC9CEB8-8B4A-11D0-8D11-00A0C91BC942}") = "15-10", "15-10\15-10.vcxproj", "{1D81CCAA-AAEB-4E27-BC42-5E326A787362}"
EndProject
Global
	GlobalSection(SolutionConfigurationPlatforms) = preSolution
		Debug|x64 = Debug|x64
		Debug|x86 = Debug|x86
		Release|x64 = Release|x64
		Release|x86 = Release|x86
	EndGlobalSection
	GlobalSection(ProjectConfigurationPlatforms) = postSolution
		{A1884E7E-B912-4E8C-8FA8-657751954911}.Debug|x64.ActiveCfg = Debug|x64
		{A1884E7E-B912-4E8C-8FA8-657751954911}.Debug|x64.Build.0 = Debug|x64
		{A1884E7E-B912-4E8C-8FA8-657751954911}.Debug|x86.ActiveCfg = Debug|Win32
		{A1884E7E-B912-4E8C-8FA8-657751954911}.Debug|x86.Build.0 = Debug|Win32
		{A1884E7E-B912-4E8C-8FA8-657751954911}.Release|x64.ActiveCfg = Release|x64
		{A1884E7E-B912-4E8C-8FA8-657751954911}.Release|x64.Build.0 = Release|x64
		{A1884E7E-B912-4E8C-8FA8-657751954911}.Release|x86.ActiveCfg = Release|Win32
		{A1884E7E-B912-4E8C-8FA8-657751954911}.Release|x86.Build.0 = Release|Win32
		{679D2CCD-4598-47EA-ABC5-6DF1DC7E34BD}.Debug|x64.ActiveCfg = Debug|x64
		{679D2CCD-4598-47EA-ABC5-6DF1DC7E34BD}.Debug|x64.Build.0 = Debug|x64
		{679D2CCD-4598-47EA-ABC5-6DF1DC7E34BD}.Debug|x86.ActiveCfg = Debug|Win32
		{679D2CCD-4598-47EA-ABC5-6DF1DC7E34BD}.Debug|x86.Build.0 = Debug|Win32
		{679D2CCD-4598-47EA-ABC5-6DF1DC7E34BD}.Release|x64.ActiveCfg = Release|x64
		{679D2CCD-4598-47EA-ABC5-6DF1DC7E34BD}.Release|x64.Build.0 = Release|x64
		{679D2CCD-4598-47EA-ABC5-6DF1DC7E34BD}.Release|x86.ActiveCfg = Release|Win32
		{679D2CCD-4598-47EA-ABC5-6DF1DC7E34BD}.Release|x86.Build.0 = Release|Win32
		{42356211-B78A-4B74-9458-C459F236CC8E}.Debug|x64.ActiveCfg = Debug|x64
		{42356211-B78A-4B74-9458-C459F236CC8E}.Debug|x64.Build.0 = Debug|x64
		{42356211-B78A-4B74-9458-C459F236CC8E}.Debug|x86.ActiveCfg = Debug|Win32
		{42356211-B78A-4B74-9458-C459F236CC8E}.Debug|x86.Build.0 = Debug|Win32
		{42356211-B78A-4B74-9458-C459F236CC8E}.Release|x64.ActiveCfg = Release|x64
		{42356211-B78A-4B74-9458-C459F236CC8E}.Release|x64.Build.0 = Release|x64
		{42356211-B78A-4B74-9458-C459F236CC8E}.Release|x86.ActiveCfg = Release|Win32
		{42356211-B78A-4B74-9458-C459F236CC8E}.Release|x86.Build.0 = Release|Win32
		{ED24FED5-20EF-4002-B256-06D20591FCB8}.Debug|x64.ActiveCfg = Debug|x64
		{ED24FED5-20EF-4002-B256-06D20591FCB8}.Debug|x64.Build.0 = Debug|x64
		{ED24FED5-20EF-4002-B256-06D20591FCB8}.Debug|x86.ActiveCfg = Debug|Win32
		{ED24FED5-20EF-4002-B256-06D20591FCB8}.Debug|x86.Build.0 = Debug|Win32
		{ED24FED5-20EF-4002-B256-06D20591FCB8}.Release|x64.ActiveCfg = Release|x64
		{ED24FED5-20EF-4002-B256-06D20591FCB8}.Release|x64.Build.0 = Release|x64
		{ED24FED5-20EF-4002-B256-06D20591FCB8}.Release|x86.ActiveCfg = Release|Win32
		{ED24FED5-20EF-4002-B256-06D20591FCB8}.Release|x86.Build.0 = Release|Win32
		{A201FED7-63F8-48DB-8E12-3859BA1A23FF}.Debug|x64.ActiveCfg = Debug|x64
		{A201FED7-63F8-48DB-8E12-3859BA1A23FF}.Debug|x64.Build.0 = Debug|x64
		{A201FED7-63F8-48DB-8E12-3859BA1A23FF}.Debug|x86.ActiveCfg = Debug|Win32
		{A201FED7-63F8-48DB-8E12-3859BA1A23FF}.Debug|x86.Build.0 = Debug|Win32
		{A201FED7-63F8-48DB-8E12-3859BA1A23FF}.Release|x64.ActiveCfg = Release|x64
		{A201FED7-63F8-48DB-8E12-3859BA1A23FF}.Release|x64.Build.0 = Release|x64
		{A201FED7-63F8-48DB-8E12-3859BA1A23FF}.Release|x86.ActiveCfg = Release|Win32
		{A201FED7-63F8-48DB-8E12-3859BA1A23FF}.Release|x86.Build.0 = Release|Win32
		{A3446377-B7B2-410C-BF0B-6282A37F4494}.Debug|x64.ActiveCfg = Debug|x64
		{A3446377-B7B2-410C-BF0B-6282A37F4494}.Debug|x64.Build.0 = Debug|x64
		{A3446377-B7B2-410C-BF0B-6282A37F4494}.Debug|x86.ActiveCfg = Debug|Win32
		{A3446377-B7B2-410C-BF0B-6282A37F4494}.Debug|x86.Build.0 = Debug|Win32
		{A3446377-B7B2-410C-BF0B-6282A37F4494}.Release|x64.ActiveCfg = Release|x64
		{A3446377-B7B2-410C-BF0B-6282A37F4494}.Release|x64.Build.0 = Release|x64
		{A3446377-B7B2-410C-BF0B-6282A37F4494}.Release|x86.ActiveCfg = Release|Win32
		{A3446377-B7B2-410C-BF0B-6282A37F4494}.Release|x86.Build.0 = Release|Win32
		{A58C3DC6-E3C2-498E-B257-99B730B56B07}.Debug|x64.ActiveCfg = Debug|x64
		{A58C3DC6-E3C2-498E-B257-99B730B56B07}.Debug|x64.Build.0 = Debug|x64
		{A58C3DC6-E3C2-498E-B257-99B730B56B07}.Debug|x86.ActiveCfg = Debug|Win32
		{A58C3DC6-E3C2-498E-B257-99B730B56B07}.Debug|x86.Build.0 = Debug|Win32
		{A58C3DC6-E3C2-498E-B257-99B730B56B07}.Release|x64.ActiveCfg = Release|x64
		{A58C3DC6-E3C2-498E-B257-99B730B56B07}.Release|x64.Build.0 = Release|x64
		{A58C3DC6-E3C2-498E-B257-99B730B56B07}.Release|x86.ActiveCfg = Release|Win32
		{A58C3DC6-E3C2-498E-B257-99B730B56B07}.Release|x86.Build.0 = Release|Win32
		{F9E384ED-1001-4CE9-A12A-CF2F376E9FFB}.Debug|x64.ActiveCfg = Debug|x64
		{F9E384ED-1001-4CE9-A12A-CF2F376E9FFB}.Debug|x64.Build.0 = Debug|x64
		{F9E384ED-1001-4CE9-A12A-CF2F376E9FFB}.Debug|x86.ActiveCfg = Debug|Win32
		{F9E384ED-1001-4CE9-A12A-CF2F376E9FFB}.Debug|x86.Build.0 = Debug|Win32
		{F9E384ED-1001-4CE9-A12A-CF2F376E9FFB}.Release|x64.ActiveCfg = Release|x64
		{F9E384ED-1001-4CE9-A12A-CF2F376E9FFB}.Release|x64.Build.0 = Release|x64
		{F9E384ED-1001-4CE9-A12A-CF2F376E9FFB}.Release|x86.ActiveCfg = Release|Win32
		{F9E384ED-1001-4CE9-A12A-CF2F376E9FFB}.Release|x86.Build.0 = Release|Win32
		{1D81CCAA-AAEB-4E27-BC42-5E326A787362}.Debug|x64.ActiveCfg = Debug|x64
		{1D81CCAA-AAEB-4E27-BC42-5E326A787362}.Debug|x64.Build.0 = Debug|x64
		{1D81CCAA-AAEB-4E27-BC42-5E326A787362}.Debug|x86.ActiveCfg = Debug|Win32
		{1D81CCAA-AAEB-4E27-BC42-5E326A787362}.Debug|x86.Build.0 = Debug|Win32
		{1D81CCAA-AAEB-4E27-BC42-5E326A787362}.Release|x64.ActiveCfg = Release|x64
		{1D81CCAA-AAEB-4E27-BC42-5E326A787362}.Release|x64.Build.0 = Release|x64
		{1D81CCAA-AAEB-4E27-BC42-5E326A787362}.Release|x86.ActiveCfg = Release|Win32
		{1D81CCAA-AAEB-4E27-BC42-5E326A787362}.Release|x86.Build.0 = Release|Win32
	EndGlobalSection
	GlobalSection(SolutionProperties) = preSolution
		HideSolutionNode = FALSE
	EndGlobalSection
	GlobalSection(ExtensibilityGlobals) = postSolution
		SolutionGuid = {3724C502-4245-4EEA-BF1C-E4A58D48958D}
	EndGlobalSection
EndGlobal
